github.com/google/uuid v1.3.0 h1:t6JiXgmwXMjEs8VusXIJk2BXHsn+wx8BZdTaoZ5fu7I=
github.com/google/uuid v1.3.0/go.mod h1:TIyPZe4MgqvfeYDBFedMoGGpEw/LqOeaOT+nhxU+yHo=
github.com/lithammer/shortuuid/v4 v4.0.0 h1:QRbbVkfgNippHOS8PXDkti4NaWeyYfcBTHtw7k08o4c=
github.com/lithammer/shortuuid/v4 v4.0.0/go.mod h1:Zs8puNcrvf2rV9rTH51ZLLcj7ZXqQI3lv67aw4KiB1Y=
github.com/mattn/go-sqlite3 v1.14.19 h1:fhGleo2h1p8tVChob4I9HpmVFIAkKGpiukdrgQbWfGI=
github.com/mattn/go-sqlite3 v1.14.19/go.mod h1:2eHXhiwb8IkHr+BDWZGa96P6+rkvnG63S2DGjv9HUNg=
